PODS:
  - Alamofire (5.6.4)
  - naveridlogin-sdk-ios (4.1.5)
  - SDWebImage (5.14.2):
    - SDWebImage/Core (= 5.14.2)
  - SDWebImage/Core (5.14.2)

DEPENDENCIES:
  - Alamofire
  - naveridlogin-sdk-ios
  - SDWebImage

SPEC REPOS:
  trunk:
    - Alamofire
    - naveridlogin-sdk-ios
    - SDWebImage

SPEC CHECKSUMS:
  Alamofire: 4e95d97098eacb88856099c4fc79b526a299e48c
  naveridlogin-sdk-ios: 4351fe7162cd6b8b6dbb37bd7cc205304fa1d889
  SDWebImage: b9a731e1d6307f44ca703b3976d18c24ca561e84

PODFILE CHECKSUM: 814abd2c0627c8db1697959e0001d0ea5f527369

COCOAPODS: 1.11.3
