// !$*UTF8*$!
{
	archiveVersion = 1;
	classes = {
	};
	objectVersion = 56;
	objects = {

/* Begin PBXBuildFile section */
		76701902293057AD004C6298 /* AppDelegate.swift in Sources */ = {isa = PBXBuildFile; fileRef = 76701901293057AD004C6298 /* AppDelegate.swift */; };
		76701904293057AD004C6298 /* SceneDelegate.swift in Sources */ = {isa = PBXBuildFile; fileRef = 76701903293057AD004C6298 /* SceneDelegate.swift */; };
		76701909293057AD004C6298 /* Main.storyboard in Resources */ = {isa = PBXBuildFile; fileRef = 76701907293057AD004C6298 /* Main.storyboard */; };
		7670190B293057B1004C6298 /* Assets.xcassets in Resources */ = {isa = PBXBuildFile; fileRef = 7670190A293057B1004C6298 /* Assets.xcassets */; };
		7670190E293057B1004C6298 /* LaunchScreen.storyboard in Resources */ = {isa = PBXBuildFile; fileRef = 7670190C293057B1004C6298 /* LaunchScreen.storyboard */; };
		76701917293070B8004C6298 /* HomeViewController.swift in Sources */ = {isa = PBXBuildFile; fileRef = 76701916293070B8004C6298 /* HomeViewController.swift */; };
		7670191929308A9F004C6298 /* SearchViewController.swift in Sources */ = {isa = PBXBuildFile; fileRef = 7670191829308A9F004C6298 /* SearchViewController.swift */; };
		7670191B29308B1D004C6298 /* FavoriteViewController.swift in Sources */ = {isa = PBXBuildFile; fileRef = 7670191A29308B1D004C6298 /* FavoriteViewController.swift */; };
		7670191D29308B55004C6298 /* CommonViewController.swift in Sources */ = {isa = PBXBuildFile; fileRef = 7670191C29308B55004C6298 /* CommonViewController.swift */; };
		7670192029308CF2004C6298 /* tabMenu.swift in Sources */ = {isa = PBXBuildFile; fileRef = 7670191F29308CF2004C6298 /* tabMenu.swift */; };
/* End PBXBuildFile section */

/* Begin PBXFileReference section */
		767018FE293057AD004C6298 /* roadmap.app */ = {isa = PBXFileReference; explicitFileType = wrapper.application; includeInIndex = 0; path = roadmap.app; sourceTree = BUILT_PRODUCTS_DIR; };
		76701901293057AD004C6298 /* AppDelegate.swift */ = {isa = PBXFileReference; lastKnownFileType = sourcecode.swift; path = AppDelegate.swift; sourceTree = "<group>"; };
		76701903293057AD004C6298 /* SceneDelegate.swift */ = {isa = PBXFileReference; lastKnownFileType = sourcecode.swift; path = SceneDelegate.swift; sourceTree = "<group>"; };
		76701908293057AD004C6298 /* Base */ = {isa = PBXFileReference; lastKnownFileType = file.storyboard; name = Base; path = Base.lproj/Main.storyboard; sourceTree = "<group>"; };
		7670190A293057B1004C6298 /* Assets.xcassets */ = {isa = PBXFileReference; lastKnownFileType = folder.assetcatalog; path = Assets.xcassets; sourceTree = "<group>"; };
		7670190D293057B1004C6298 /* Base */ = {isa = PBXFileReference; lastKnownFileType = file.storyboard; name = Base; path = Base.lproj/LaunchScreen.storyboard; sourceTree = "<group>"; };
		7670190F293057B1004C6298 /* Info.plist */ = {isa = PBXFileReference; lastKnownFileType = text.plist.xml; path = Info.plist; sourceTree = "<group>"; };
		76701916293070B8004C6298 /* HomeViewController.swift */ = {isa = PBXFileReference; lastKnownFileType = sourcecode.swift; path = HomeViewController.swift; sourceTree = "<group>"; };
		7670191829308A9F004C6298 /* SearchViewController.swift */ = {isa = PBXFileReference; lastKnownFileType = sourcecode.swift; path = SearchViewController.swift; sourceTree = "<group>"; };
		7670191A29308B1D004C6298 /* FavoriteViewController.swift */ = {isa = PBXFileReference; lastKnownFileType = sourcecode.swift; path = FavoriteViewController.swift; sourceTree = "<group>"; };
		7670191C29308B55004C6298 /* CommonViewController.swift */ = {isa = PBXFileReference; lastKnownFileType = sourcecode.swift; path = CommonViewController.swift; sourceTree = "<group>"; };
		7670191F29308CF2004C6298 /* tabMenu.swift */ = {isa = PBXFileReference; lastKnownFileType = sourcecode.swift; path = tabMenu.swift; sourceTree = "<group>"; };
/* End PBXFileReference section */

/* Begin PBXFrameworksBuildPhase section */
		767018FB293057AD004C6298 /* Frameworks */ = {
			isa = PBXFrameworksBuildPhase;
			buildActionMask = 2147483647;
			files = (
			);
			runOnlyForDeploymentPostprocessing = 0;
		};
/* End PBXFrameworksBuildPhase section */

/* Begin PBXGroup section */
		767018F5293057AD004C6298 = {
			isa = PBXGroup;
			children = (
				76701900293057AD004C6298 /* roadmap */,
				767018FF293057AD004C6298 /* Products */,
			);
			sourceTree = "<group>";
		};
		767018FF293057AD004C6298 /* Products */ = {
			isa = PBXGroup;
			children = (
				767018FE293057AD004C6298 /* roadmap.app */,
			);
			name = Products;
			sourceTree = "<group>";
		};
		76701900293057AD004C6298 /* roadmap */ = {
			isa = PBXGroup;
			children = (
				7670191E29308CE2004C6298 /* Utiles */,
				76701915293070AD004C6298 /* Controller */,
				76701901293057AD004C6298 /* AppDelegate.swift */,
				76701903293057AD004C6298 /* SceneDelegate.swift */,
				76701907293057AD004C6298 /* Main.storyboard */,
				7670190A293057B1004C6298 /* Assets.xcassets */,
				7670190C293057B1004C6298 /* LaunchScreen.storyboard */,
				7670190F293057B1004C6298 /* Info.plist */,
			);
			path = roadmap;
			sourceTree = "<group>";
		};
		76701915293070AD004C6298 /* Controller */ = {
			isa = PBXGroup;
			children = (
				7670191C29308B55004C6298 /* CommonViewController.swift */,
				76701916293070B8004C6298 /* HomeViewController.swift */,
				7670191829308A9F004C6298 /* SearchViewController.swift */,
				7670191A29308B1D004C6298 /* FavoriteViewController.swift */,
			);
			path = Controller;
			sourceTree = "<group>";
		};
		7670191E29308CE2004C6298 /* Utiles */ = {
			isa = PBXGroup;
			children = (
				7670191F29308CF2004C6298 /* tabMenu.swift */,
			);
			path = Utiles;
			sourceTree = "<group>";
		};
/* End PBXGroup section */

/* Begin PBXNativeTarget section */
		767018FD293057AD004C6298 /* roadmap */ = {
			isa = PBXNativeTarget;
			buildConfigurationList = 76701912293057B1004C6298 /* Build configuration list for PBXNativeTarget "roadmap" */;
			buildPhases = (
				767018FA293057AD004C6298 /* Sources */,
				767018FB293057AD004C6298 /* Frameworks */,
				767018FC293057AD004C6298 /* Resources */,
			);
			buildRules = (
			);
			dependencies = (
			);
			name = roadmap;
			productName = roadmap;
			productReference = 767018FE293057AD004C6298 /* roadmap.app */;
			productType = "com.apple.product-type.application";
		};
/* End PBXNativeTarget section */

/* Begin PBXProject section */
		767018F6293057AD004C6298 /* Project object */ = {
			isa = PBXProject;
			attributes = {
				BuildIndependentTargetsInParallel = 1;
				LastSwiftUpdateCheck = 1410;
				LastUpgradeCheck = 1410;
				TargetAttributes = {
					767018FD293057AD004C6298 = {
						CreatedOnToolsVersion = 14.1;
					};
				};
			};
			buildConfigurationList = 767018F9293057AD004C6298 /* Build configuration list for PBXProject "roadmap" */;
			compatibilityVersion = "Xcode 14.0";
			developmentRegion = en;
			hasScannedForEncodings = 0;
			knownRegions = (
				en,
				Base,
			);
			mainGroup = 767018F5293057AD004C6298;
			productRefGroup = 767018FF293057AD004C6298 /* Products */;
			projectDirPath = "";
			projectRoot = "";
			targets = (
				767018FD293057AD004C6298 /* roadmap */,
			);
		};
/* End PBXProject section */

/* Begin PBXResourcesBuildPhase section */
		767018FC293057AD004C6298 /* Resources */ = {
			isa = PBXResourcesBuildPhase;
			buildActionMask = 2147483647;
			files = (
				7670190E293057B1004C6298 /* LaunchScreen.storyboard in Resources */,
				7670190B293057B1004C6298 /* Assets.xcassets in Resources */,
				76701909293057AD004C6298 /* Main.storyboard in Resources */,
			);
			runOnlyForDeploymentPostprocessing = 0;
		};
/* End PBXResourcesBuildPhase section */

/* Begin PBXSourcesBuildPhase section */
		767018FA293057AD004C6298 /* Sources */ = {
			isa = PBXSourcesBuildPhase;
			buildActionMask = 2147483647;
			files = (
				76701902293057AD004C6298 /* AppDelegate.swift in Sources */,
				76701904293057AD004C6298 /* SceneDelegate.swift in Sources */,
				7670191929308A9F004C6298 /* SearchViewController.swift in Sources */,
				7670192029308CF2004C6298 /* tabMenu.swift in Sources */,
				7670191D29308B55004C6298 /* CommonViewController.swift in Sources */,
				76701917293070B8004C6298 /* HomeViewController.swift in Sources */,
				7670191B29308B1D004C6298 /* FavoriteViewController.swift in Sources */,
			);
			runOnlyForDeploymentPostprocessing = 0;
		};
/* End PBXSourcesBuildPhase section */

/* Begin PBXVariantGroup section */
		76701907293057AD004C6298 /* Main.storyboard */ = {
			isa = PBXVariantGroup;
			children = (
				76701908293057AD004C6298 /* Base */,
			);
			name = Main.storyboard;
			sourceTree = "<group>";
		};
		7670190C293057B1004C6298 /* LaunchScreen.storyboard */ = {
			isa = PBXVariantGroup;
			children = (
				7670190D293057B1004C6298 /* Base */,
			);
			name = LaunchScreen.storyboard;
			sourceTree = "<group>";
		};
/* End PBXVariantGroup section */

/* Begin XCBuildConfiguration section */
		76701910293057B1004C6298 /* Debug */ = {
			isa = XCBuildConfiguration;
			buildSettings = {
				ALWAYS_SEARCH_USER_PATHS = NO;
				CLANG_ANALYZER_NONNULL = YES;
				CLANG_ANALYZER_NUMBER_OBJECT_CONVERSION = YES_AGGRESSIVE;
				CLANG_CXX_LANGUAGE_STANDARD = "gnu++20";
				CLANG_ENABLE_MODULES = YES;
				CLANG_ENABLE_OBJC_ARC = YES;
				CLANG_ENABLE_OBJC_WEAK = YES;
				CLANG_WARN_BLOCK_CAPTURE_AUTORELEASING = YES;
				CLANG_WARN_BOOL_CONVERSION = YES;
				CLANG_WARN_COMMA = YES;
				CLANG_WARN_CONSTANT_CONVERSION = YES;
				CLANG_WARN_DEPRECATED_OBJC_IMPLEMENTATIONS = YES;
				CLANG_WARN_DIRECT_OBJC_ISA_USAGE = YES_ERROR;
				CLANG_WARN_DOCUMENTATION_COMMENTS = YES;
				CLANG_WARN_EMPTY_BODY = YES;
				CLANG_WARN_ENUM_CONVERSION = YES;
				CLANG_WARN_INFINITE_RECURSION = YES;
				CLANG_WARN_INT_CONVERSION = YES;
				CLANG_WARN_NON_LITERAL_NULL_CONVERSION = YES;
				CLANG_WARN_OBJC_IMPLICIT_RETAIN_SELF = YES;
				CLANG_WARN_OBJC_LITERAL_CONVERSION = YES;
				CLANG_WARN_OBJC_ROOT_CLASS = YES_ERROR;
				CLANG_WARN_QUOTED_INCLUDE_IN_FRAMEWORK_HEADER = YES;
				CLANG_WARN_RANGE_LOOP_ANALYSIS = YES;
				CLANG_WARN_STRICT_PROTOTYPES = YES;
				CLANG_WARN_SUSPICIOUS_MOVE = YES;
				CLANG_WARN_UNGUARDED_AVAILABILITY = YES_AGGRESSIVE;
				CLANG_WARN_UNREACHABLE_CODE = YES;
				CLANG_WARN__DUPLICATE_METHOD_MATCH = YES;
				COPY_PHASE_STRIP = NO;
				DEBUG_INFORMATION_FORMAT = dwarf;
				ENABLE_STRICT_OBJC_MSGSEND = YES;
				ENABLE_TESTABILITY = YES;
				GCC_C_LANGUAGE_STANDARD = gnu11;
				GCC_DYNAMIC_NO_PIC = NO;
				GCC_NO_COMMON_BLOCKS = YES;
				GCC_OPTIMIZATION_LEVEL = 0;
				GCC_PREPROCESSOR_DEFINITIONS = (
					"DEBUG=1",
					"$(inherited)",
				);
				GCC_WARN_64_TO_32_BIT_CONVERSION = YES;
				GCC_WARN_ABOUT_RETURN_TYPE = YES_ERROR;
				GCC_WARN_UNDECLARED_SELECTOR = YES;
				GCC_WARN_UNINITIALIZED_AUTOS = YES_AGGRESSIVE;
				GCC_WARN_UNUSED_FUNCTION = YES;
				GCC_WARN_UNUSED_VARIABLE = YES;
				IPHONEOS_DEPLOYMENT_TARGET = 16.1;
				MTL_ENABLE_DEBUG_INFO = INCLUDE_SOURCE;
				MTL_FAST_MATH = YES;
				ONLY_ACTIVE_ARCH = YES;
				SDKROOT = iphoneos;
				SWIFT_ACTIVE_COMPILATION_CONDITIONS = DEBUG;
				SWIFT_OPTIMIZATION_LEVEL = "-Onone";
			};
			name = Debug;
		};
		76701911293057B1004C6298 /* Release */ = {
			isa = XCBuildConfiguration;
			buildSettings = {
				ALWAYS_SEARCH_USER_PATHS = NO;
				CLANG_ANALYZER_NONNULL = YES;
				CLANG_ANALYZER_NUMBER_OBJECT_CONVERSION = YES_AGGRESSIVE;
				CLANG_CXX_LANGUAGE_STANDARD = "gnu++20";
				CLANG_ENABLE_MODULES = YES;
				CLANG_ENABLE_OBJC_ARC = YES;
				CLANG_ENABLE_OBJC_WEAK = YES;
				CLANG_WARN_BLOCK_CAPTURE_AUTORELEASING = YES;
				CLANG_WARN_BOOL_CONVERSION = YES;
				CLANG_WARN_COMMA = YES;
				CLANG_WARN_CONSTANT_CONVERSION = YES;
				CLANG_WARN_DEPRECATED_OBJC_IMPLEMENTATIONS = YES;
				CLANG_WARN_DIRECT_OBJC_ISA_USAGE = YES_ERROR;
				CLANG_WARN_DOCUMENTATION_COMMENTS = YES;
				CLANG_WARN_EMPTY_BODY = YES;
				CLANG_WARN_ENUM_CONVERSION = YES;
				CLANG_WARN_INFINITE_RECURSION = YES;
				CLANG_WARN_INT_CONVERSION = YES;
				CLANG_WARN_NON_LITERAL_NULL_CONVERSION = YES;
				CLANG_WARN_OBJC_IMPLICIT_RETAIN_SELF = YES;
				CLANG_WARN_OBJC_LITERAL_CONVERSION = YES;
				CLANG_WARN_OBJC_ROOT_CLASS = YES_ERROR;
				CLANG_WARN_QUOTED_INCLUDE_IN_FRAMEWORK_HEADER = YES;
				CLANG_WARN_RANGE_LOOP_ANALYSIS = YES;
				CLANG_WARN_STRICT_PROTOTYPES = YES;
				CLANG_WARN_SUSPICIOUS_MOVE = YES;
				CLANG_WARN_UNGUARDED_AVAILABILITY = YES_AGGRESSIVE;
				CLANG_WARN_UNREACHABLE_CODE = YES;
				CLANG_WARN__DUPLICATE_METHOD_MATCH = YES;
				COPY_PHASE_STRIP = NO;
				DEBUG_INFORMATION_FORMAT = "dwarf-with-dsym";
				ENABLE_NS_ASSERTIONS = NO;
				ENABLE_STRICT_OBJC_MSGSEND = YES;
				GCC_C_LANGUAGE_STANDARD = gnu11;
				GCC_NO_COMMON_BLOCKS = YES;
				GCC_WARN_64_TO_32_BIT_CONVERSION = YES;
				GCC_WARN_ABOUT_RETURN_TYPE = YES_ERROR;
				GCC_WARN_UNDECLARED_SELECTOR = YES;
				GCC_WARN_UNINITIALIZED_AUTOS = YES_AGGRESSIVE;
				GCC_WARN_UNUSED_FUNCTION = YES;
				GCC_WARN_UNUSED_VARIABLE = YES;
				IPHONEOS_DEPLOYMENT_TARGET = 16.1;
				MTL_ENABLE_DEBUG_INFO = NO;
				MTL_FAST_MATH = YES;
				SDKROOT = iphoneos;
				SWIFT_COMPILATION_MODE = wholemodule;
				SWIFT_OPTIMIZATION_LEVEL = "-O";
				VALIDATE_PRODUCT = YES;
			};
			name = Release;
		};
		76701913293057B1004C6298 /* Debug */ = {
			isa = XCBuildConfiguration;
			buildSettings = {
				ASSETCATALOG_COMPILER_APPICON_NAME = AppIcon;
				ASSETCATALOG_COMPILER_GLOBAL_ACCENT_COLOR_NAME = AccentColor;
				CODE_SIGN_STYLE = Automatic;
				CURRENT_PROJECT_VERSION = 1;
				GENERATE_INFOPLIST_FILE = YES;
				INFOPLIST_FILE = roadmap/Info.plist;
				INFOPLIST_KEY_UIApplicationSupportsIndirectInputEvents = YES;
				INFOPLIST_KEY_UILaunchStoryboardName = LaunchScreen;
				INFOPLIST_KEY_UIMainStoryboardFile = Main;
				INFOPLIST_KEY_UISupportedInterfaceOrientations_iPad = "UIInterfaceOrientationPortrait UIInterfaceOrientationPortraitUpsideDown UIInterfaceOrientationLandscapeLeft UIInterfaceOrientationLandscapeRight";
				INFOPLIST_KEY_UISupportedInterfaceOrientations_iPhone = "UIInterfaceOrientationPortrait UIInterfaceOrientationLandscapeLeft UIInterfaceOrientationLandscapeRight";
				LD_RUNPATH_SEARCH_PATHS = (
					"$(inherited)",
					"@executable_path/Frameworks",
				);
				MARKETING_VERSION = 1.0;
				PRODUCT_BUNDLE_IDENTIFIER = com.deepvisions.roadmap;
				PRODUCT_NAME = "$(TARGET_NAME)";
				SWIFT_EMIT_LOC_STRINGS = YES;
				SWIFT_VERSION = 5.0;
				TARGETED_DEVICE_FAMILY = "1,2";
			};
			name = Debug;
		};
		76701914293057B1004C6298 /* Release */ = {
			isa = XCBuildConfiguration;
			buildSettings = {
				ASSETCATALOG_COMPILER_APPICON_NAME = AppIcon;
				ASSETCATALOG_COMPILER_GLOBAL_ACCENT_COLOR_NAME = AccentColor;
				CODE_SIGN_STYLE = Automatic;
				CURRENT_PROJECT_VERSION = 1;
				GENERATE_INFOPLIST_FILE = YES;
				INFOPLIST_FILE = roadmap/Info.plist;
				INFOPLIST_KEY_UIApplicationSupportsIndirectInputEvents = YES;
				INFOPLIST_KEY_UILaunchStoryboardName = LaunchScreen;
				INFOPLIST_KEY_UIMainStoryboardFile = Main;
				INFOPLIST_KEY_UISupportedInterfaceOrientations_iPad = "UIInterfaceOrientationPortrait UIInterfaceOrientationPortraitUpsideDown UIInterfaceOrientationLandscapeLeft UIInterfaceOrientationLandscapeRight";
				INFOPLIST_KEY_UISupportedInterfaceOrientations_iPhone = "UIInterfaceOrientationPortrait UIInterfaceOrientationLandscapeLeft UIInterfaceOrientationLandscapeRight";
				LD_RUNPATH_SEARCH_PATHS = (
					"$(inherited)",
					"@executable_path/Frameworks",
				);
				MARKETING_VERSION = 1.0;
				PRODUCT_BUNDLE_IDENTIFIER = com.deepvisions.roadmap;
				PRODUCT_NAME = "$(TARGET_NAME)";
				SWIFT_EMIT_LOC_STRINGS = YES;
				SWIFT_VERSION = 5.0;
				TARGETED_DEVICE_FAMILY = "1,2";
			};
			name = Release;
		};
/* End XCBuildConfiguration section */

/* Begin XCConfigurationList section */
		767018F9293057AD004C6298 /* Build configuration list for PBXProject "roadmap" */ = {
			isa = XCConfigurationList;
			buildConfigurations = (
				76701910293057B1004C6298 /* Debug */,
				76701911293057B1004C6298 /* Release */,
			);
			defaultConfigurationIsVisible = 0;
			defaultConfigurationName = Release;
		};
		76701912293057B1004C6298 /* Build configuration list for PBXNativeTarget "roadmap" */ = {
			isa = XCConfigurationList;
			buildConfigurations = (
				76701913293057B1004C6298 /* Debug */,
				76701914293057B1004C6298 /* Release */,
			);
			defaultConfigurationIsVisible = 0;
			defaultConfigurationName = Release;
		};
/* End XCConfigurationList section */
	};
	rootObject = 767018F6293057AD004C6298 /* Project object */;
}
